
Microsoft Visual Studio Solution File, Format Version 12.00
# Visual Studio Version 16
VisualStudioVersion = 16.0.30611.23
MinimumVisualStudioVersion = 10.0.40219.1
Project("{FAE04EC0-301F-11D3-BF4B-00C04F79EFBC}") = "CSprojectP3", "CSprojectP3\CSprojectP3.csproj", "{84BDE289-6488-4100-89BC-04095040454E}"
EndProject
Global
	GlobalSection(SolutionConfigurationPlatforms) = preSolution
		Debug|Any CPU = Debug|Any CPU
		Release|Any CPU = Release|Any CPU
	EndGlobalSection
	GlobalSection(ProjectConfigurationPlatforms) = postSolution
		{84BDE289-6488-4100-89BC-04095040454E}.Debug|Any CPU.ActiveCfg = Debug|Any CPU
		{84BDE289-6488-4100-89BC-04095040454E}.Debug|Any CPU.Build.0 = Debug|Any CPU
		{84BDE289-6488-4100-89BC-04095040454E}.Release|Any CPU.ActiveCfg = Release|Any CPU
		{84BDE289-6488-4100-89BC-04095040454E}.Release|Any CPU.Build.0 = Release|Any CPU
	EndGlobalSection
	GlobalSection(SolutionProperties) = preSolution
		HideSolutionNode = FALSE
	EndGlobalSection
	GlobalSection(ExtensibilityGlobals) = postSolution
		SolutionGuid = {623F83A4-13BD-473A-9375-0C69134D1D46}
	EndGlobalSection
EndGlobal
